// !$*UTF8*$!
{
	archiveVersion = 1;
	classes = {
	};
	objectVersion = 46;
	objects = {

/* Begin PBXBuildFile section */
		230EC8A11631172F006BB025 /* HeavyViewController.m in Sources */ = {isa = PBXBuildFile; fileRef = 230EC89F1631172F006BB025 /* HeavyViewController.m */; };
		230EC8A21631172F006BB025 /* HeavyViewController.xib in Resources */ = {isa = PBXBuildFile; fileRef = 230EC8A01631172F006BB025 /* HeavyViewController.xib */; };
		230EC8A516311A13006BB025 /* joeeye.jpg in Resources */ = {isa = PBXBuildFile; fileRef = 230EC8A416311A13006BB025 /* joeeye.jpg */; };
		231DB2F4162FF0B600CC3599 /* UIKit.framework in Frameworks */ = {isa = PBXBuildFile; fileRef = 231DB2F3162FF0B600CC3599 /* UIKit.framework */; };
		231DB2F6162FF0B600CC3599 /* Foundation.framework in Frameworks */ = {isa = PBXBuildFile; fileRef = 231DB2F5162FF0B600CC3599 /* Foundation.framework */; };
		231DB2F8162FF0B600CC3599 /* CoreGraphics.framework in Frameworks */ = {isa = PBXBuildFile; fileRef = 231DB2F7162FF0B600CC3599 /* CoreGraphics.framework */; };
		231DB2FE162FF0B600CC3599 /* InfoPlist.strings in Resources */ = {isa = PBXBuildFile; fileRef = 231DB2FC162FF0B600CC3599 /* InfoPlist.strings */; };
		231DB300162FF0B600CC3599 /* main.m in Sources */ = {isa = PBXBuildFile; fileRef = 231DB2FF162FF0B600CC3599 /* main.m */; };
		231DB304162FF0B600CC3599 /* RotationAppDelegate.m in Sources */ = {isa = PBXBuildFile; fileRef = 231DB303162FF0B600CC3599 /* RotationAppDelegate.m */; };
		231DB306162FF0B600CC3599 /* Default.png in Resources */ = {isa = PBXBuildFile; fileRef = 231DB305162FF0B600CC3599 /* Default.png */; };
		231DB308162FF0B600CC3599 /* Default@2x.png in Resources */ = {isa = PBXBuildFile; fileRef = 231DB307162FF0B600CC3599 /* Default@2x.png */; };
		231DB30A162FF0B600CC3599 /* Default-568h@2x.png in Resources */ = {isa = PBXBuildFile; fileRef = 231DB309162FF0B600CC3599 /* Default-568h@2x.png */; };
/* End PBXBuildFile section */

/* Begin PBXFileReference section */
		230EC89E1631172F006BB025 /* HeavyViewController.h */ = {isa = PBXFileReference; fileEncoding = 4; lastKnownFileType = sourcecode.c.h; path = HeavyViewController.h; sourceTree = "<group>"; };
		230EC89F1631172F006BB025 /* HeavyViewController.m */ = {isa = PBXFileReference; fileEncoding = 4; lastKnownFileType = sourcecode.c.objc; path = HeavyViewController.m; sourceTree = "<group>"; };
		230EC8A01631172F006BB025 /* HeavyViewController.xib */ = {isa = PBXFileReference; fileEncoding = 4; lastKnownFileType = file.xib; path = HeavyViewController.xib; sourceTree = "<group>"; };
		230EC8A416311A13006BB025 /* joeeye.jpg */ = {isa = PBXFileReference; lastKnownFileType = image.jpeg; path = joeeye.jpg; sourceTree = "<group>"; };
		231DB2EF162FF0B600CC3599 /* HeavyRotation.app */ = {isa = PBXFileReference; explicitFileType = wrapper.application; includeInIndex = 0; path = HeavyRotation.app; sourceTree = BUILT_PRODUCTS_DIR; };
		231DB2F3162FF0B600CC3599 /* UIKit.framework */ = {isa = PBXFileReference; lastKnownFileType = wrapper.framework; name = UIKit.framework; path = System/Library/Frameworks/UIKit.framework; sourceTree = SDKROOT; };
		231DB2F5162FF0B600CC3599 /* Foundation.framework */ = {isa = PBXFileReference; lastKnownFileType = wrapper.framework; name = Foundation.framework; path = System/Library/Frameworks/Foundation.framework; sourceTree = SDKROOT; };
		231DB2F7162FF0B600CC3599 /* CoreGraphics.framework */ = {isa = PBXFileReference; lastKnownFileType = wrapper.framework; name = CoreGraphics.framework; path = System/Library/Frameworks/CoreGraphics.framework; sourceTree = SDKROOT; };
		231DB2FB162FF0B600CC3599 /* HeavyRotation-Info.plist */ = {isa = PBXFileReference; lastKnownFileType = text.plist.xml; path = "HeavyRotation-Info.plist"; sourceTree = "<group>"; };
		231DB2FD162FF0B600CC3599 /* en */ = {isa = PBXFileReference; lastKnownFileType = text.plist.strings; name = en; path = en.lproj/InfoPlist.strings; sourceTree = "<group>"; };
		231DB2FF162FF0B600CC3599 /* main.m */ = {isa = PBXFileReference; lastKnownFileType = sourcecode.c.objc; path = main.m; sourceTree = "<group>"; };
		231DB301162FF0B600CC3599 /* HeavyRotation-Prefix.pch */ = {isa = PBXFileReference; lastKnownFileType = sourcecode.c.h; path = "HeavyRotation-Prefix.pch"; sourceTree = "<group>"; };
		231DB302162FF0B600CC3599 /* RotationAppDelegate.h */ = {isa = PBXFileReference; lastKnownFileType = sourcecode.c.h; path = RotationAppDelegate.h; sourceTree = "<group>"; };
		231DB303162FF0B600CC3599 /* RotationAppDelegate.m */ = {isa = PBXFileReference; lastKnownFileType = sourcecode.c.objc; path = RotationAppDelegate.m; sourceTree = "<group>"; };
		231DB305162FF0B600CC3599 /* Default.png */ = {isa = PBXFileReference; lastKnownFileType = image.png; path = Default.png; sourceTree = "<group>"; };
		231DB307162FF0B600CC3599 /* Default@2x.png */ = {isa = PBXFileReference; lastKnownFileType = image.png; path = "Default@2x.png"; sourceTree = "<group>"; };
		231DB309162FF0B600CC3599 /* Default-568h@2x.png */ = {isa = PBXFileReference; lastKnownFileType = image.png; path = "Default-568h@2x.png"; sourceTree = "<group>"; };
/* End PBXFileReference section */

/* Begin PBXFrameworksBuildPhase section */
		231DB2EC162FF0B600CC3599 /* Frameworks */ = {
			isa = PBXFrameworksBuildPhase;
			buildActionMask = 2147483647;
			files = (
				231DB2F4162FF0B600CC3599 /* UIKit.framework in Frameworks */,
				231DB2F6162FF0B600CC3599 /* Foundation.framework in Frameworks */,
				231DB2F8162FF0B600CC3599 /* CoreGraphics.framework in Frameworks */,
			);
			runOnlyForDeploymentPostprocessing = 0;
		};
/* End PBXFrameworksBuildPhase section */

/* Begin PBXGroup section */
		231DB2E4162FF0B600CC3599 = {
			isa = PBXGroup;
			children = (
				231DB2F9162FF0B600CC3599 /* HeavyRotation */,
				231DB2F2162FF0B600CC3599 /* Frameworks */,
				231DB2F0162FF0B600CC3599 /* Products */,
			);
			sourceTree = "<group>";
		};
		231DB2F0162FF0B600CC3599 /* Products */ = {
			isa = PBXGroup;
			children = (
				231DB2EF162FF0B600CC3599 /* HeavyRotation.app */,
			);
			name = Products;
			sourceTree = "<group>";
		};
		231DB2F2162FF0B600CC3599 /* Frameworks */ = {
			isa = PBXGroup;
			children = (
				231DB2F3162FF0B600CC3599 /* UIKit.framework */,
				231DB2F5162FF0B600CC3599 /* Foundation.framework */,
				231DB2F7162FF0B600CC3599 /* CoreGraphics.framework */,
			);
			name = Frameworks;
			sourceTree = "<group>";
		};
		231DB2F9162FF0B600CC3599 /* HeavyRotation */ = {
			isa = PBXGroup;
			children = (
				230EC8A416311A13006BB025 /* joeeye.jpg */,
				231DB302162FF0B600CC3599 /* RotationAppDelegate.h */,
				230EC89E1631172F006BB025 /* HeavyViewController.h */,
				230EC89F1631172F006BB025 /* HeavyViewController.m */,
				230EC8A01631172F006BB025 /* HeavyViewController.xib */,
				231DB303162FF0B600CC3599 /* RotationAppDelegate.m */,
				231DB2FA162FF0B600CC3599 /* Supporting Files */,
			);
			path = HeavyRotation;
			sourceTree = "<group>";
		};
		231DB2FA162FF0B600CC3599 /* Supporting Files */ = {
			isa = PBXGroup;
			children = (
				231DB2FB162FF0B600CC3599 /* HeavyRotation-Info.plist */,
				231DB2FC162FF0B600CC3599 /* InfoPlist.strings */,
				231DB2FF162FF0B600CC3599 /* main.m */,
				231DB301162FF0B600CC3599 /* HeavyRotation-Prefix.pch */,
				231DB305162FF0B600CC3599 /* Default.png */,
				231DB307162FF0B600CC3599 /* Default@2x.png */,
				231DB309162FF0B600CC3599 /* Default-568h@2x.png */,
			);
			name = "Supporting Files";
			sourceTree = "<group>";
		};
/* End PBXGroup section */

/* Begin PBXNativeTarget section */
		231DB2EE162FF0B600CC3599 /* HeavyRotation */ = {
			isa = PBXNativeTarget;
			buildConfigurationList = 231DB30D162FF0B600CC3599 /* Build configuration list for PBXNativeTarget "HeavyRotation" */;
			buildPhases = (
				231DB2EB162FF0B600CC3599 /* Sources */,
				231DB2EC162FF0B600CC3599 /* Frameworks */,
				231DB2ED162FF0B600CC3599 /* Resources */,
			);
			buildRules = (
			);
			dependencies = (
			);
			name = HeavyRotation;
			productName = HeavyRotation;
			productReference = 231DB2EF162FF0B600CC3599 /* HeavyRotation.app */;
			productType = "com.apple.product-type.application";
		};
/* End PBXNativeTarget section */

/* Begin PBXProject section */
		231DB2E6162FF0B600CC3599 /* Project object */ = {
			isa = PBXProject;
			attributes = {
				CLASSPREFIX = Rotation;
				LastUpgradeCheck = 0450;
				ORGANIZATIONNAME = "Carlo Andaya";
			};
			buildConfigurationList = 231DB2E9162FF0B600CC3599 /* Build configuration list for PBXProject "HeavyRotation" */;
			compatibilityVersion = "Xcode 3.2";
			developmentRegion = English;
			hasScannedForEncodings = 0;
			knownRegions = (
				en,
			);
			mainGroup = 231DB2E4162FF0B600CC3599;
			productRefGroup = 231DB2F0162FF0B600CC3599 /* Products */;
			projectDirPath = "";
			projectRoot = "";
			targets = (
				231DB2EE162FF0B600CC3599 /* HeavyRotation */,
			);
		};
/* End PBXProject section */

/* Begin PBXResourcesBuildPhase section */
		231DB2ED162FF0B600CC3599 /* Resources */ = {
			isa = PBXResourcesBuildPhase;
			buildActionMask = 2147483647;
			files = (
				231DB2FE162FF0B600CC3599 /* InfoPlist.strings in Resources */,
				231DB306162FF0B600CC3599 /* Default.png in Resources */,
				231DB308162FF0B600CC3599 /* Default@2x.png in Resources */,
				231DB30A162FF0B600CC3599 /* Default-568h@2x.png in Resources */,
				230EC8A21631172F006BB025 /* HeavyViewController.xib in Resources */,
				230EC8A516311A13006BB025 /* joeeye.jpg in Resources */,
			);
			runOnlyForDeploymentPostprocessing = 0;
		};
/* End PBXResourcesBuildPhase section */

/* Begin PBXSourcesBuildPhase section */
		231DB2EB162FF0B600CC3599 /* Sources */ = {
			isa = PBXSourcesBuildPhase;
			buildActionMask = 2147483647;
			files = (
				231DB300162FF0B600CC3599 /* main.m in Sources */,
				231DB304162FF0B600CC3599 /* RotationAppDelegate.m in Sources */,
				230EC8A11631172F006BB025 /* HeavyViewController.m in Sources */,
			);
			runOnlyForDeploymentPostprocessing = 0;
		};
/* End PBXSourcesBuildPhase section */

/* Begin PBXVariantGroup section */
		231DB2FC162FF0B600CC3599 /* InfoPlist.strings */ = {
			isa = PBXVariantGroup;
			children = (
				231DB2FD162FF0B600CC3599 /* en */,
			);
			name = InfoPlist.strings;
			sourceTree = "<group>";
		};
/* End PBXVariantGroup section */

/* Begin XCBuildConfiguration section */
		231DB30B162FF0B600CC3599 /* Debug */ = {
			isa = XCBuildConfiguration;
			buildSettings = {
				ALWAYS_SEARCH_USER_PATHS = NO;
				CLANG_CXX_LANGUAGE_STANDARD = "gnu++0x";
				CLANG_CXX_LIBRARY = "libc++";
				CLANG_ENABLE_OBJC_ARC = YES;
				CLANG_WARN_EMPTY_BODY = YES;
				CLANG_WARN__DUPLICATE_METHOD_MATCH = YES;
				"CODE_SIGN_IDENTITY[sdk=iphoneos*]" = "iPhone Developer";
				COPY_PHASE_STRIP = NO;
				GCC_C_LANGUAGE_STANDARD = gnu99;
				GCC_DYNAMIC_NO_PIC = NO;
				GCC_OPTIMIZATION_LEVEL = 0;
				GCC_PREPROCESSOR_DEFINITIONS = (
					"DEBUG=1",
					"$(inherited)",
				);
				GCC_SYMBOLS_PRIVATE_EXTERN = NO;
				GCC_WARN_ABOUT_RETURN_TYPE = YES;
				GCC_WARN_UNINITIALIZED_AUTOS = YES;
				GCC_WARN_UNUSED_VARIABLE = YES;
				IPHONEOS_DEPLOYMENT_TARGET = 6.0;
				ONLY_ACTIVE_ARCH = YES;
				SDKROOT = iphoneos;
			};
			name = Debug;
		};
		231DB30C162FF0B600CC3599 /* Release */ = {
			isa = XCBuildConfiguration;
			buildSettings = {
				ALWAYS_SEARCH_USER_PATHS = NO;
				CLANG_CXX_LANGUAGE_STANDARD = "gnu++0x";
				CLANG_CXX_LIBRARY = "libc++";
				CLANG_ENABLE_OBJC_ARC = YES;
				CLANG_WARN_EMPTY_BODY = YES;
				CLANG_WARN__DUPLICATE_METHOD_MATCH = YES;
				"CODE_SIGN_IDENTITY[sdk=iphoneos*]" = "iPhone Developer";
				COPY_PHASE_STRIP = YES;
				GCC_C_LANGUAGE_STANDARD = gnu99;
				GCC_WARN_ABOUT_RETURN_TYPE = YES;
				GCC_WARN_UNINITIALIZED_AUTOS = YES;
				GCC_WARN_UNUSED_VARIABLE = YES;
				IPHONEOS_DEPLOYMENT_TARGET = 6.0;
				OTHER_CFLAGS = "-DNS_BLOCK_ASSERTIONS=1";
				SDKROOT = iphoneos;
				VALIDATE_PRODUCT = YES;
			};
			name = Release;
		};
		231DB30E162FF0B600CC3599 /* Debug */ = {
			isa = XCBuildConfiguration;
			buildSettings = {
				GCC_PRECOMPILE_PREFIX_HEADER = YES;
				GCC_PREFIX_HEADER = "HeavyRotation/HeavyRotation-Prefix.pch";
				INFOPLIST_FILE = "HeavyRotation/HeavyRotation-Info.plist";
				IPHONEOS_DEPLOYMENT_TARGET = 6.0;
				PRODUCT_NAME = "$(TARGET_NAME)";
				TARGETED_DEVICE_FAMILY = "1,2";
				WRAPPER_EXTENSION = app;
			};
			name = Debug;
		};
		231DB30F162FF0B600CC3599 /* Release */ = {
			isa = XCBuildConfiguration;
			buildSettings = {
				GCC_PRECOMPILE_PREFIX_HEADER = YES;
				GCC_PREFIX_HEADER = "HeavyRotation/HeavyRotation-Prefix.pch";
				INFOPLIST_FILE = "HeavyRotation/HeavyRotation-Info.plist";
				IPHONEOS_DEPLOYMENT_TARGET = 6.0;
				PRODUCT_NAME = "$(TARGET_NAME)";
				TARGETED_DEVICE_FAMILY = "1,2";
				WRAPPER_EXTENSION = app;
			};
			name = Release;
		};
/* End XCBuildConfiguration section */

/* Begin XCConfigurationList section */
		231DB2E9162FF0B600CC3599 /* Build configuration list for PBXProject "HeavyRotation" */ = {
			isa = XCConfigurationList;
			buildConfigurations = (
				231DB30B162FF0B600CC3599 /* Debug */,
				231DB30C162FF0B600CC3599 /* Release */,
			);
			defaultConfigurationIsVisible = 0;
			defaultConfigurationName = Release;
		};
		231DB30D162FF0B600CC3599 /* Build configuration list for PBXNativeTarget "HeavyRotation" */ = {
			isa = XCConfigurationList;
			buildConfigurations = (
				231DB30E162FF0B600CC3599 /* Debug */,
				231DB30F162FF0B600CC3599 /* Release */,
			);
			defaultConfigurationIsVisible = 0;
			defaultConfigurationName = Release;
		};
/* End XCConfigurationList section */
	};
	rootObject = 231DB2E6162FF0B600CC3599 /* Project object */;
}
